DEPENDENCIES
  stronglifters
    path: .
    metadata: true

GRAPH
  apt (2.9.2)
  build-essential (2.2.4)
  chef-sugar (3.1.1)
  database (4.0.9)
    postgresql (>= 1.0.0)
  openssl (4.4.0)
    chef-sugar (>= 3.1.1)
  packagecloud (0.1.0)
  postgresql (3.4.21)
    apt (>= 1.9.0)
    build-essential (>= 0.0.0)
    openssl (~> 4.0)
  runit (1.7.4)
    packagecloud (>= 0.0.0)
  stronglifters (0.2.0)
    database (>= 0.0.0)
    postgresql (>= 0.0.0)
    runit (>= 0.0.0)
